
Microsoft Visual Studio Solution File, Format Version 12.00
# Visual Studio Version 16
VisualStudioVersion = 16.0.29613.14
MinimumVisualStudioVersion = 10.0.40219.1
Project("{9A19103F-16F7-4668-BE54-9A1E7A4F7556}") = "AutoShop_Web", "AutoShop_Web\AutoShop_Web.csproj", "{34B97ABA-D82F-40F4-B981-2042FAA9D044}"
EndProject
Project("{9A19103F-16F7-4668-BE54-9A1E7A4F7556}") = "AutoShop_Shared", "AutoShop_Shared\AutoShop_Shared.csproj", "{6F374F2B-E2CF-4B69-8D4F-4845CC3EA407}"
EndProject
Global
	GlobalSection(SolutionConfigurationPlatforms) = preSolution
		Debug|Any CPU = Debug|Any CPU
		Release|Any CPU = Release|Any CPU
	EndGlobalSection
	GlobalSection(ProjectConfigurationPlatforms) = postSolution
		{34B97ABA-D82F-40F4-B981-2042FAA9D044}.Debug|Any CPU.ActiveCfg = Debug|Any CPU
		{34B97ABA-D82F-40F4-B981-2042FAA9D044}.Debug|Any CPU.Build.0 = Debug|Any CPU
		{34B97ABA-D82F-40F4-B981-2042FAA9D044}.Release|Any CPU.ActiveCfg = Release|Any CPU
		{34B97ABA-D82F-40F4-B981-2042FAA9D044}.Release|Any CPU.Build.0 = Release|Any CPU
		{6F374F2B-E2CF-4B69-8D4F-4845CC3EA407}.Debug|Any CPU.ActiveCfg = Debug|Any CPU
		{6F374F2B-E2CF-4B69-8D4F-4845CC3EA407}.Debug|Any CPU.Build.0 = Debug|Any CPU
		{6F374F2B-E2CF-4B69-8D4F-4845CC3EA407}.Release|Any CPU.ActiveCfg = Release|Any CPU
		{6F374F2B-E2CF-4B69-8D4F-4845CC3EA407}.Release|Any CPU.Build.0 = Release|Any CPU
	EndGlobalSection
	GlobalSection(SolutionProperties) = preSolution
		HideSolutionNode = FALSE
	EndGlobalSection
	GlobalSection(ExtensibilityGlobals) = postSolution
		SolutionGuid = {343733D0-72FF-4BC3-8F40-A59AAE95FE9C}
	EndGlobalSection
EndGlobal
